
Microsoft Visual Studio Solution File, Format Version 12.00
# Visual Studio 15
VisualStudioVersion = 15.0.27703.2042
MinimumVisualStudioVersion = 10.0.40219.1
Project("{8BC9CEB8-8B4A-11D0-8D11-00A0C91BC942}") = "The_Parser_Lab_2", "The_Parser_Lab_2\The_Parser_Lab_2.vcxproj", "{EC0370B5-1B53-4DCE-A001-605DC0ABAC92}"
EndProject
Global
	GlobalSection(SolutionConfigurationPlatforms) = preSolution
		Debug|x64 = Debug|x64
		Debug|x86 = Debug|x86
		Release|x64 = Release|x64
		Release|x86 = Release|x86
	EndGlobalSection
	GlobalSection(ProjectConfigurationPlatforms) = postSolution
		{EC0370B5-1B53-4DCE-A001-605DC0ABAC92}.Debug|x64.ActiveCfg = Debug|x64
		{EC0370B5-1B53-4DCE-A001-605DC0ABAC92}.Debug|x64.Build.0 = Debug|x64
		{EC0370B5-1B53-4DCE-A001-605DC0ABAC92}.Debug|x86.ActiveCfg = Debug|Win32
		{EC0370B5-1B53-4DCE-A001-605DC0ABAC92}.Debug|x86.Build.0 = Debug|Win32
		{EC0370B5-1B53-4DCE-A001-605DC0ABAC92}.Release|x64.ActiveCfg = Release|x64
		{EC0370B5-1B53-4DCE-A001-605DC0ABAC92}.Release|x64.Build.0 = Release|x64
		{EC0370B5-1B53-4DCE-A001-605DC0ABAC92}.Release|x86.ActiveCfg = Release|Win32
		{EC0370B5-1B53-4DCE-A001-605DC0ABAC92}.Release|x86.Build.0 = Release|Win32
	EndGlobalSection
	GlobalSection(SolutionProperties) = preSolution
		HideSolutionNode = FALSE
	EndGlobalSection
	GlobalSection(ExtensibilityGlobals) = postSolution
		SolutionGuid = {6A9A107F-39FB-4A44-96BE-035A9EB6EE8F}
	EndGlobalSection
EndGlobal
